
Microsoft Visual Studio Solution File, Format Version 12.00
# Visual Studio Version 17
VisualStudioVersion = 17.9.34310.174
MinimumVisualStudioVersion = 10.0.40219.1
Project("{FAE04EC0-301F-11D3-BF4B-00C04F79EFBC}") = "WebMail.Server", "WebMail.Server\WebMail.Server.csproj", "{E3E3DF59-8477-4B1D-9AA2-11A8F18B0676}"
EndProject
Project("{54A90642-561A-4BB1-A94E-469ADEE60C69}") = "webmail.client", "webmail.client\webmail.client.esproj", "{AF8D5295-5D7B-4194-BDF1-E375D59FFEF8}"
EndProject
Global
	GlobalSection(SolutionConfigurationPlatforms) = preSolution
		Debug|Any CPU = Debug|Any CPU
		Release|Any CPU = Release|Any CPU
	EndGlobalSection
	GlobalSection(ProjectConfigurationPlatforms) = postSolution
		{E3E3DF59-8477-4B1D-9AA2-11A8F18B0676}.Debug|Any CPU.ActiveCfg = Debug|Any CPU
		{E3E3DF59-8477-4B1D-9AA2-11A8F18B0676}.Debug|Any CPU.Build.0 = Debug|Any CPU
		{E3E3DF59-8477-4B1D-9AA2-11A8F18B0676}.Release|Any CPU.ActiveCfg = Release|Any CPU
		{E3E3DF59-8477-4B1D-9AA2-11A8F18B0676}.Release|Any CPU.Build.0 = Release|Any CPU
		{AF8D5295-5D7B-4194-BDF1-E375D59FFEF8}.Debug|Any CPU.ActiveCfg = Debug|Any CPU
		{AF8D5295-5D7B-4194-BDF1-E375D59FFEF8}.Debug|Any CPU.Build.0 = Debug|Any CPU
		{AF8D5295-5D7B-4194-BDF1-E375D59FFEF8}.Debug|Any CPU.Deploy.0 = Debug|Any CPU
		{AF8D5295-5D7B-4194-BDF1-E375D59FFEF8}.Release|Any CPU.ActiveCfg = Release|Any CPU
		{AF8D5295-5D7B-4194-BDF1-E375D59FFEF8}.Release|Any CPU.Build.0 = Release|Any CPU
		{AF8D5295-5D7B-4194-BDF1-E375D59FFEF8}.Release|Any CPU.Deploy.0 = Release|Any CPU
	EndGlobalSection
	GlobalSection(SolutionProperties) = preSolution
		HideSolutionNode = FALSE
	EndGlobalSection
	GlobalSection(ExtensibilityGlobals) = postSolution
		SolutionGuid = {2FAE61CA-A7FA-4DDF-8A3B-E5F6F2F54D92}
	EndGlobalSection
EndGlobal
