
Microsoft Visual Studio Solution File, Format Version 12.00
# Visual Studio Version 17
VisualStudioVersion = 17.10.34814.14
MinimumVisualStudioVersion = 10.0.40219.1
Project("{FAE04EC0-301F-11D3-BF4B-00C04F79EFBC}") = "webMail.Server", "webMail.Server.csproj", "{B8B6F8F9-3C15-4DA5-BA22-0E9797FEBB9D}"
EndProject
Global
	GlobalSection(SolutionConfigurationPlatforms) = preSolution
		Debug|Any CPU = Debug|Any CPU
		Release|Any CPU = Release|Any CPU
	EndGlobalSection
	GlobalSection(ProjectConfigurationPlatforms) = postSolution
		{B8B6F8F9-3C15-4DA5-BA22-0E9797FEBB9D}.Debug|Any CPU.ActiveCfg = Debug|Any CPU
		{B8B6F8F9-3C15-4DA5-BA22-0E9797FEBB9D}.Debug|Any CPU.Build.0 = Debug|Any CPU
		{B8B6F8F9-3C15-4DA5-BA22-0E9797FEBB9D}.Release|Any CPU.ActiveCfg = Release|Any CPU
		{B8B6F8F9-3C15-4DA5-BA22-0E9797FEBB9D}.Release|Any CPU.Build.0 = Release|Any CPU
	EndGlobalSection
	GlobalSection(SolutionProperties) = preSolution
		HideSolutionNode = FALSE
	EndGlobalSection
	GlobalSection(ExtensibilityGlobals) = postSolution
		SolutionGuid = {B31D2D21-ABA9-4081-869A-666C4127401E}
	EndGlobalSection
EndGlobal
